
Microsoft Visual Studio Solution File, Format Version 12.00
# Visual Studio Version 16
VisualStudioVersion = 16.0.30309.148
MinimumVisualStudioVersion = 10.0.40219.1
Project("{FAE04EC0-301F-11D3-BF4B-00C04F79EFBC}") = "REST API", "REST API\REST API.csproj", "{4EEEDA50-E25B-4C28-8573-D1815A8AD355}"
EndProject
Global
	GlobalSection(SolutionConfigurationPlatforms) = preSolution
		Debug|Any CPU = Debug|Any CPU
		Release|Any CPU = Release|Any CPU
	EndGlobalSection
	GlobalSection(ProjectConfigurationPlatforms) = postSolution
		{4EEEDA50-E25B-4C28-8573-D1815A8AD355}.Debug|Any CPU.ActiveCfg = Debug|Any CPU
		{4EEEDA50-E25B-4C28-8573-D1815A8AD355}.Debug|Any CPU.Build.0 = Debug|Any CPU
		{4EEEDA50-E25B-4C28-8573-D1815A8AD355}.Release|Any CPU.ActiveCfg = Release|Any CPU
		{4EEEDA50-E25B-4C28-8573-D1815A8AD355}.Release|Any CPU.Build.0 = Release|Any CPU
	EndGlobalSection
	GlobalSection(SolutionProperties) = preSolution
		HideSolutionNode = FALSE
	EndGlobalSection
	GlobalSection(ExtensibilityGlobals) = postSolution
		SolutionGuid = {13F34E93-9090-43AF-AE22-CE1D21A51898}
	EndGlobalSection
EndGlobal
